// !$*UTF8*$!
{
	archiveVersion = 1;
	classes = {
	};
	objectVersion = 48;
	objects = {

/* Begin PBXBuildFile section */
		5D392A1A2050F3C100244F91 /* AppDelegate.swift in Sources */ = {isa = PBXBuildFile; fileRef = 5D392A192050F3C100244F91 /* AppDelegate.swift */; };
		5D392A1C2050F3C100244F91 /* ViewController.swift in Sources */ = {isa = PBXBuildFile; fileRef = 5D392A1B2050F3C100244F91 /* ViewController.swift */; };
		5D392A1F2050F3C100244F91 /* Main.storyboard in Resources */ = {isa = PBXBuildFile; fileRef = 5D392A1D2050F3C100244F91 /* Main.storyboard */; };
		5D392A212050F3C100244F91 /* Assets.xcassets in Resources */ = {isa = PBXBuildFile; fileRef = 5D392A202050F3C100244F91 /* Assets.xcassets */; };
		5D392A242050F3C100244F91 /* LaunchScreen.storyboard in Resources */ = {isa = PBXBuildFile; fileRef = 5D392A222050F3C100244F91 /* LaunchScreen.storyboard */; };
		5D392A2F2050F3C100244F91 /* TestTests.swift in Sources */ = {isa = PBXBuildFile; fileRef = 5D392A2E2050F3C100244F91 /* TestTests.swift */; };
		5D3C43E220A78D4300C8E2E9 /* HomeViewController.swift in Sources */ = {isa = PBXBuildFile; fileRef = 5D3C43E120A78D4300C8E2E9 /* HomeViewController.swift */; };
		5D497EAB20788AE600A77E93 /* ModelUpgrade.swift in Sources */ = {isa = PBXBuildFile; fileRef = 5D497EAA20788AE600A77E93 /* ModelUpgrade.swift */; };
		5D68169A205CD339002B374E /* SecondViewController.swift in Sources */ = {isa = PBXBuildFile; fileRef = 5D681699205CD339002B374E /* SecondViewController.swift */; };
		5D68169C205CD67C002B374E /* ModelTest.swift in Sources */ = {isa = PBXBuildFile; fileRef = 5D68169B205CD67C002B374E /* ModelTest.swift */; };
/* End PBXBuildFile section */

/* Begin PBXContainerItemProxy section */
		5D392A2B2050F3C100244F91 /* PBXContainerItemProxy */ = {
			isa = PBXContainerItemProxy;
			containerPortal = 5D392A0E2050F3C100244F91 /* Project object */;
			proxyType = 1;
			remoteGlobalIDString = 5D392A152050F3C100244F91;
			remoteInfo = Test;
		};
/* End PBXContainerItemProxy section */

/* Begin PBXFileReference section */
		5D392A162050F3C100244F91 /* Test.app */ = {isa = PBXFileReference; explicitFileType = wrapper.application; includeInIndex = 0; path = Test.app; sourceTree = BUILT_PRODUCTS_DIR; };
		5D392A192050F3C100244F91 /* AppDelegate.swift */ = {isa = PBXFileReference; lastKnownFileType = sourcecode.swift; path = AppDelegate.swift; sourceTree = "<group>"; };
		5D392A1B2050F3C100244F91 /* ViewController.swift */ = {isa = PBXFileReference; lastKnownFileType = sourcecode.swift; path = ViewController.swift; sourceTree = "<group>"; };
		5D392A1E2050F3C100244F91 /* Base */ = {isa = PBXFileReference; lastKnownFileType = file.storyboard; name = Base; path = Base.lproj/Main.storyboard; sourceTree = "<group>"; };
		5D392A202050F3C100244F91 /* Assets.xcassets */ = {isa = PBXFileReference; lastKnownFileType = folder.assetcatalog; path = Assets.xcassets; sourceTree = "<group>"; };
		5D392A232050F3C100244F91 /* Base */ = {isa = PBXFileReference; lastKnownFileType = file.storyboard; name = Base; path = Base.lproj/LaunchScreen.storyboard; sourceTree = "<group>"; };
		5D392A252050F3C100244F91 /* Info.plist */ = {isa = PBXFileReference; lastKnownFileType = text.plist.xml; path = Info.plist; sourceTree = "<group>"; };
		5D392A2A2050F3C100244F91 /* TestTests.xctest */ = {isa = PBXFileReference; explicitFileType = wrapper.cfbundle; includeInIndex = 0; path = TestTests.xctest; sourceTree = BUILT_PRODUCTS_DIR; };
		5D392A2E2050F3C100244F91 /* TestTests.swift */ = {isa = PBXFileReference; lastKnownFileType = sourcecode.swift; path = TestTests.swift; sourceTree = "<group>"; };
		5D392A302050F3C100244F91 /* Info.plist */ = {isa = PBXFileReference; lastKnownFileType = text.plist.xml; path = Info.plist; sourceTree = "<group>"; };
		5D3C43E120A78D4300C8E2E9 /* HomeViewController.swift */ = {isa = PBXFileReference; lastKnownFileType = sourcecode.swift; path = HomeViewController.swift; sourceTree = "<group>"; };
		5D497EAA20788AE600A77E93 /* ModelUpgrade.swift */ = {isa = PBXFileReference; lastKnownFileType = sourcecode.swift; path = ModelUpgrade.swift; sourceTree = "<group>"; };
		5D681699205CD339002B374E /* SecondViewController.swift */ = {isa = PBXFileReference; lastKnownFileType = sourcecode.swift; path = SecondViewController.swift; sourceTree = "<group>"; };
		5D68169B205CD67C002B374E /* ModelTest.swift */ = {isa = PBXFileReference; lastKnownFileType = sourcecode.swift; path = ModelTest.swift; sourceTree = "<group>"; };
/* End PBXFileReference section */

/* Begin PBXFrameworksBuildPhase section */
		5D392A132050F3C100244F91 /* Frameworks */ = {
			isa = PBXFrameworksBuildPhase;
			buildActionMask = 2147483647;
			files = (
			);
			runOnlyForDeploymentPostprocessing = 0;
		};
		5D392A272050F3C100244F91 /* Frameworks */ = {
			isa = PBXFrameworksBuildPhase;
			buildActionMask = 2147483647;
			files = (
			);
			runOnlyForDeploymentPostprocessing = 0;
		};
/* End PBXFrameworksBuildPhase section */

/* Begin PBXGroup section */
		5D392A0D2050F3C100244F91 = {
			isa = PBXGroup;
			children = (
				5D392A182050F3C100244F91 /* Test */,
				5D392A2D2050F3C100244F91 /* TestTests */,
				5D392A172050F3C100244F91 /* Products */,
			);
			sourceTree = "<group>";
		};
		5D392A172050F3C100244F91 /* Products */ = {
			isa = PBXGroup;
			children = (
				5D392A162050F3C100244F91 /* Test.app */,
				5D392A2A2050F3C100244F91 /* TestTests.xctest */,
			);
			name = Products;
			sourceTree = "<group>";
		};
		5D392A182050F3C100244F91 /* Test */ = {
			isa = PBXGroup;
			children = (
				5D392A192050F3C100244F91 /* AppDelegate.swift */,
				5D68169B205CD67C002B374E /* ModelTest.swift */,
				5D497EAA20788AE600A77E93 /* ModelUpgrade.swift */,
				5D392A1B2050F3C100244F91 /* ViewController.swift */,
				5D392A1D2050F3C100244F91 /* Main.storyboard */,
				5D3C43E120A78D4300C8E2E9 /* HomeViewController.swift */,
				5D681699205CD339002B374E /* SecondViewController.swift */,
				5D392A202050F3C100244F91 /* Assets.xcassets */,
				5D392A222050F3C100244F91 /* LaunchScreen.storyboard */,
				5D392A252050F3C100244F91 /* Info.plist */,
			);
			path = Test;
			sourceTree = "<group>";
		};
		5D392A2D2050F3C100244F91 /* TestTests */ = {
			isa = PBXGroup;
			children = (
				5D392A2E2050F3C100244F91 /* TestTests.swift */,
				5D392A302050F3C100244F91 /* Info.plist */,
			);
			path = TestTests;
			sourceTree = "<group>";
		};
/* End PBXGroup section */

/* Begin PBXNativeTarget section */
		5D392A152050F3C100244F91 /* Test */ = {
			isa = PBXNativeTarget;
			buildConfigurationList = 5D392A332050F3C100244F91 /* Build configuration list for PBXNativeTarget "Test" */;
			buildPhases = (
				5D392A122050F3C100244F91 /* Sources */,
				5D392A132050F3C100244F91 /* Frameworks */,
				5D392A142050F3C100244F91 /* Resources */,
			);
			buildRules = (
			);
			dependencies = (
			);
			name = Test;
			productName = Test;
			productReference = 5D392A162050F3C100244F91 /* Test.app */;
			productType = "com.apple.product-type.application";
		};
		5D392A292050F3C100244F91 /* TestTests */ = {
			isa = PBXNativeTarget;
			buildConfigurationList = 5D392A362050F3C100244F91 /* Build configuration list for PBXNativeTarget "TestTests" */;
			buildPhases = (
				5D392A262050F3C100244F91 /* Sources */,
				5D392A272050F3C100244F91 /* Frameworks */,
				5D392A282050F3C100244F91 /* Resources */,
			);
			buildRules = (
			);
			dependencies = (
				5D392A2C2050F3C100244F91 /* PBXTargetDependency */,
			);
			name = TestTests;
			productName = TestTests;
			productReference = 5D392A2A2050F3C100244F91 /* TestTests.xctest */;
			productType = "com.apple.product-type.bundle.unit-test";
		};
/* End PBXNativeTarget section */

/* Begin PBXProject section */
		5D392A0E2050F3C100244F91 /* Project object */ = {
			isa = PBXProject;
			attributes = {
				LastSwiftUpdateCheck = 0920;
				LastUpgradeCheck = 0920;
				ORGANIZATIONNAME = "Benjamin Ulrich";
				TargetAttributes = {
					5D392A152050F3C100244F91 = {
						CreatedOnToolsVersion = 9.2;
						ProvisioningStyle = Automatic;
					};
					5D392A292050F3C100244F91 = {
						CreatedOnToolsVersion = 9.2;
						ProvisioningStyle = Automatic;
						TestTargetID = 5D392A152050F3C100244F91;
					};
				};
			};
			buildConfigurationList = 5D392A112050F3C100244F91 /* Build configuration list for PBXProject "Test" */;
			compatibilityVersion = "Xcode 8.0";
			developmentRegion = en;
			hasScannedForEncodings = 0;
			knownRegions = (
				en,
				Base,
			);
			mainGroup = 5D392A0D2050F3C100244F91;
			productRefGroup = 5D392A172050F3C100244F91 /* Products */;
			projectDirPath = "";
			projectRoot = "";
			targets = (
				5D392A152050F3C100244F91 /* Test */,
				5D392A292050F3C100244F91 /* TestTests */,
			);
		};
/* End PBXProject section */

/* Begin PBXResourcesBuildPhase section */
		5D392A142050F3C100244F91 /* Resources */ = {
			isa = PBXResourcesBuildPhase;
			buildActionMask = 2147483647;
			files = (
				5D392A242050F3C100244F91 /* LaunchScreen.storyboard in Resources */,
				5D392A212050F3C100244F91 /* Assets.xcassets in Resources */,
				5D392A1F2050F3C100244F91 /* Main.storyboard in Resources */,
			);
			runOnlyForDeploymentPostprocessing = 0;
		};
		5D392A282050F3C100244F91 /* Resources */ = {
			isa = PBXResourcesBuildPhase;
			buildActionMask = 2147483647;
			files = (
			);
			runOnlyForDeploymentPostprocessing = 0;
		};
/* End PBXResourcesBuildPhase section */

/* Begin PBXSourcesBuildPhase section */
		5D392A122050F3C100244F91 /* Sources */ = {
			isa = PBXSourcesBuildPhase;
			buildActionMask = 2147483647;
			files = (
				5D68169A205CD339002B374E /* SecondViewController.swift in Sources */,
				5D392A1C2050F3C100244F91 /* ViewController.swift in Sources */,
				5D497EAB20788AE600A77E93 /* ModelUpgrade.swift in Sources */,
				5D392A1A2050F3C100244F91 /* AppDelegate.swift in Sources */,
				5D68169C205CD67C002B374E /* ModelTest.swift in Sources */,
				5D3C43E220A78D4300C8E2E9 /* HomeViewController.swift in Sources */,
			);
			runOnlyForDeploymentPostprocessing = 0;
		};
		5D392A262050F3C100244F91 /* Sources */ = {
			isa = PBXSourcesBuildPhase;
			buildActionMask = 2147483647;
			files = (
				5D392A2F2050F3C100244F91 /* TestTests.swift in Sources */,
			);
			runOnlyForDeploymentPostprocessing = 0;
		};
/* End PBXSourcesBuildPhase section */

/* Begin PBXTargetDependency section */
		5D392A2C2050F3C100244F91 /* PBXTargetDependency */ = {
			isa = PBXTargetDependency;
			target = 5D392A152050F3C100244F91 /* Test */;
			targetProxy = 5D392A2B2050F3C100244F91 /* PBXContainerItemProxy */;
		};
/* End PBXTargetDependency section */

/* Begin PBXVariantGroup section */
		5D392A1D2050F3C100244F91 /* Main.storyboard */ = {
			isa = PBXVariantGroup;
			children = (
				5D392A1E2050F3C100244F91 /* Base */,
			);
			name = Main.storyboard;
			sourceTree = "<group>";
		};
		5D392A222050F3C100244F91 /* LaunchScreen.storyboard */ = {
			isa = PBXVariantGroup;
			children = (
				5D392A232050F3C100244F91 /* Base */,
			);
			name = LaunchScreen.storyboard;
			sourceTree = "<group>";
		};
/* End PBXVariantGroup section */

/* Begin XCBuildConfiguration section */
		5D392A312050F3C100244F91 /* Debug */ = {
			isa = XCBuildConfiguration;
			buildSettings = {
				ALWAYS_SEARCH_USER_PATHS = NO;
				CLANG_ANALYZER_NONNULL = YES;
				CLANG_ANALYZER_NUMBER_OBJECT_CONVERSION = YES_AGGRESSIVE;
				CLANG_CXX_LANGUAGE_STANDARD = "gnu++14";
				CLANG_CXX_LIBRARY = "libc++";
				CLANG_ENABLE_MODULES = YES;
				CLANG_ENABLE_OBJC_ARC = YES;
				CLANG_WARN_BLOCK_CAPTURE_AUTORELEASING = YES;
				CLANG_WARN_BOOL_CONVERSION = YES;
				CLANG_WARN_COMMA = YES;
				CLANG_WARN_CONSTANT_CONVERSION = YES;
				CLANG_WARN_DIRECT_OBJC_ISA_USAGE = YES_ERROR;
				CLANG_WARN_DOCUMENTATION_COMMENTS = YES;
				CLANG_WARN_EMPTY_BODY = YES;
				CLANG_WARN_ENUM_CONVERSION = YES;
				CLANG_WARN_INFINITE_RECURSION = YES;
				CLANG_WARN_INT_CONVERSION = YES;
				CLANG_WARN_NON_LITERAL_NULL_CONVERSION = YES;
				CLANG_WARN_OBJC_LITERAL_CONVERSION = YES;
				CLANG_WARN_OBJC_ROOT_CLASS = YES_ERROR;
				CLANG_WARN_RANGE_LOOP_ANALYSIS = YES;
				CLANG_WARN_STRICT_PROTOTYPES = YES;
				CLANG_WARN_SUSPICIOUS_MOVE = YES;
				CLANG_WARN_UNGUARDED_AVAILABILITY = YES_AGGRESSIVE;
				CLANG_WARN_UNREACHABLE_CODE = YES;
				CLANG_WARN__DUPLICATE_METHOD_MATCH = YES;
				CODE_SIGN_IDENTITY = "iPhone Developer";
				COPY_PHASE_STRIP = NO;
				DEBUG_INFORMATION_FORMAT = dwarf;
				ENABLE_STRICT_OBJC_MSGSEND = YES;
				ENABLE_TESTABILITY = YES;
				GCC_C_LANGUAGE_STANDARD = gnu11;
				GCC_DYNAMIC_NO_PIC = NO;
				GCC_NO_COMMON_BLOCKS = YES;
				GCC_OPTIMIZATION_LEVEL = 0;
				GCC_PREPROCESSOR_DEFINITIONS = (
					"DEBUG=1",
					"$(inherited)",
				);
				GCC_WARN_64_TO_32_BIT_CONVERSION = YES;
				GCC_WARN_ABOUT_RETURN_TYPE = YES_ERROR;
				GCC_WARN_UNDECLARED_SELECTOR = YES;
				GCC_WARN_UNINITIALIZED_AUTOS = YES_AGGRESSIVE;
				GCC_WARN_UNUSED_FUNCTION = YES;
				GCC_WARN_UNUSED_VARIABLE = YES;
				IPHONEOS_DEPLOYMENT_TARGET = 11.2;
				MTL_ENABLE_DEBUG_INFO = YES;
				ONLY_ACTIVE_ARCH = YES;
				SDKROOT = iphoneos;
				SWIFT_ACTIVE_COMPILATION_CONDITIONS = DEBUG;
				SWIFT_OPTIMIZATION_LEVEL = "-Onone";
			};
			name = Debug;
		};
		5D392A322050F3C100244F91 /* Release */ = {
			isa = XCBuildConfiguration;
			buildSettings = {
				ALWAYS_SEARCH_USER_PATHS = NO;
				CLANG_ANALYZER_NONNULL = YES;
				CLANG_ANALYZER_NUMBER_OBJECT_CONVERSION = YES_AGGRESSIVE;
				CLANG_CXX_LANGUAGE_STANDARD = "gnu++14";
				CLANG_CXX_LIBRARY = "libc++";
				CLANG_ENABLE_MODULES = YES;
				CLANG_ENABLE_OBJC_ARC = YES;
				CLANG_WARN_BLOCK_CAPTURE_AUTORELEASING = YES;
				CLANG_WARN_BOOL_CONVERSION = YES;
				CLANG_WARN_COMMA = YES;
				CLANG_WARN_CONSTANT_CONVERSION = YES;
				CLANG_WARN_DIRECT_OBJC_ISA_USAGE = YES_ERROR;
				CLANG_WARN_DOCUMENTATION_COMMENTS = YES;
				CLANG_WARN_EMPTY_BODY = YES;
				CLANG_WARN_ENUM_CONVERSION = YES;
				CLANG_WARN_INFINITE_RECURSION = YES;
				CLANG_WARN_INT_CONVERSION = YES;
				CLANG_WARN_NON_LITERAL_NULL_CONVERSION = YES;
				CLANG_WARN_OBJC_LITERAL_CONVERSION = YES;
				CLANG_WARN_OBJC_ROOT_CLASS = YES_ERROR;
				CLANG_WARN_RANGE_LOOP_ANALYSIS = YES;
				CLANG_WARN_STRICT_PROTOTYPES = YES;
				CLANG_WARN_SUSPICIOUS_MOVE = YES;
				CLANG_WARN_UNGUARDED_AVAILABILITY = YES_AGGRESSIVE;
				CLANG_WARN_UNREACHABLE_CODE = YES;
				CLANG_WARN__DUPLICATE_METHOD_MATCH = YES;
				CODE_SIGN_IDENTITY = "iPhone Developer";
				COPY_PHASE_STRIP = NO;
				DEBUG_INFORMATION_FORMAT = "dwarf-with-dsym";
				ENABLE_NS_ASSERTIONS = NO;
				ENABLE_STRICT_OBJC_MSGSEND = YES;
				GCC_C_LANGUAGE_STANDARD = gnu11;
				GCC_NO_COMMON_BLOCKS = YES;
				GCC_WARN_64_TO_32_BIT_CONVERSION = YES;
				GCC_WARN_ABOUT_RETURN_TYPE = YES_ERROR;
				GCC_WARN_UNDECLARED_SELECTOR = YES;
				GCC_WARN_UNINITIALIZED_AUTOS = YES_AGGRESSIVE;
				GCC_WARN_UNUSED_FUNCTION = YES;
				GCC_WARN_UNUSED_VARIABLE = YES;
				IPHONEOS_DEPLOYMENT_TARGET = 11.2;
				MTL_ENABLE_DEBUG_INFO = NO;
				SDKROOT = iphoneos;
				SWIFT_OPTIMIZATION_LEVEL = "-Owholemodule";
				VALIDATE_PRODUCT = YES;
			};
			name = Release;
		};
		5D392A342050F3C100244F91 /* Debug */ = {
			isa = XCBuildConfiguration;
			buildSettings = {
				ASSETCATALOG_COMPILER_APPICON_NAME = AppIcon;
				CODE_SIGN_STYLE = Automatic;
				DEVELOPMENT_TEAM = FR3Q6K39GS;
				INFOPLIST_FILE = Test/Info.plist;
				LD_RUNPATH_SEARCH_PATHS = "$(inherited) @executable_path/Frameworks";
				PRODUCT_BUNDLE_IDENTIFIER = "Doe-Developments.Test";
				PRODUCT_NAME = "$(TARGET_NAME)";
				SWIFT_VERSION = 4.0;
				TARGETED_DEVICE_FAMILY = "1,2";
			};
			name = Debug;
		};
		5D392A352050F3C100244F91 /* Release */ = {
			isa = XCBuildConfiguration;
			buildSettings = {
				ASSETCATALOG_COMPILER_APPICON_NAME = AppIcon;
				CODE_SIGN_STYLE = Automatic;
				DEVELOPMENT_TEAM = FR3Q6K39GS;
				INFOPLIST_FILE = Test/Info.plist;
				LD_RUNPATH_SEARCH_PATHS = "$(inherited) @executable_path/Frameworks";
				PRODUCT_BUNDLE_IDENTIFIER = "Doe-Developments.Test";
				PRODUCT_NAME = "$(TARGET_NAME)";
				SWIFT_VERSION = 4.0;
				TARGETED_DEVICE_FAMILY = "1,2";
			};
			name = Release;
		};
		5D392A372050F3C100244F91 /* Debug */ = {
			isa = XCBuildConfiguration;
			buildSettings = {
				ALWAYS_EMBED_SWIFT_STANDARD_LIBRARIES = YES;
				BUNDLE_LOADER = "$(TEST_HOST)";
				CODE_SIGN_STYLE = Automatic;
				DEVELOPMENT_TEAM = FR3Q6K39GS;
				INFOPLIST_FILE = TestTests/Info.plist;
				LD_RUNPATH_SEARCH_PATHS = "$(inherited) @executable_path/Frameworks @loader_path/Frameworks";
				PRODUCT_BUNDLE_IDENTIFIER = "Doe-Developments.TestTests";
				PRODUCT_NAME = "$(TARGET_NAME)";
				SWIFT_VERSION = 4.0;
				TARGETED_DEVICE_FAMILY = "1,2";
				TEST_HOST = "$(BUILT_PRODUCTS_DIR)/Test.app/Test";
			};
			name = Debug;
		};
		5D392A382050F3C100244F91 /* Release */ = {
			isa = XCBuildConfiguration;
			buildSettings = {
				ALWAYS_EMBED_SWIFT_STANDARD_LIBRARIES = YES;
				BUNDLE_LOADER = "$(TEST_HOST)";
				CODE_SIGN_STYLE = Automatic;
				DEVELOPMENT_TEAM = FR3Q6K39GS;
				INFOPLIST_FILE = TestTests/Info.plist;
				LD_RUNPATH_SEARCH_PATHS = "$(inherited) @executable_path/Frameworks @loader_path/Frameworks";
				PRODUCT_BUNDLE_IDENTIFIER = "Doe-Developments.TestTests";
				PRODUCT_NAME = "$(TARGET_NAME)";
				SWIFT_VERSION = 4.0;
				TARGETED_DEVICE_FAMILY = "1,2";
				TEST_HOST = "$(BUILT_PRODUCTS_DIR)/Test.app/Test";
			};
			name = Release;
		};
/* End XCBuildConfiguration section */

/* Begin XCConfigurationList section */
		5D392A112050F3C100244F91 /* Build configuration list for PBXProject "Test" */ = {
			isa = XCConfigurationList;
			buildConfigurations = (
				5D392A312050F3C100244F91 /* Debug */,
				5D392A322050F3C100244F91 /* Release */,
			);
			defaultConfigurationIsVisible = 0;
			defaultConfigurationName = Release;
		};
		5D392A332050F3C100244F91 /* Build configuration list for PBXNativeTarget "Test" */ = {
			isa = XCConfigurationList;
			buildConfigurations = (
				5D392A342050F3C100244F91 /* Debug */,
				5D392A352050F3C100244F91 /* Release */,
			);
			defaultConfigurationIsVisible = 0;
			defaultConfigurationName = Release;
		};
		5D392A362050F3C100244F91 /* Build configuration list for PBXNativeTarget "TestTests" */ = {
			isa = XCConfigurationList;
			buildConfigurations = (
				5D392A372050F3C100244F91 /* Debug */,
				5D392A382050F3C100244F91 /* Release */,
			);
			defaultConfigurationIsVisible = 0;
			defaultConfigurationName = Release;
		};
/* End XCConfigurationList section */
	};
	rootObject = 5D392A0E2050F3C100244F91 /* Project object */;
}
